
Microsoft Visual Studio Solution File, Format Version 12.00
# Visual Studio 2012
Project("{FAE04EC0-301F-11D3-BF4B-00C04F79EFBC}") = "IronRacket", "IronRacket.csproj", "{F091221E-FD10-41A7-AAC4-C9359178BDB1}"
	ProjectSection(ProjectDependencies) = postProject
		{036D8225-6C3E-447A-AD73-D0DC69F70069} = {036D8225-6C3E-447A-AD73-D0DC69F70069}
		{7AD508C8-0CF2-4F45-900C-2F5B526DD6C2} = {7AD508C8-0CF2-4F45-900C-2F5B526DD6C2}
		{96A288D5-B535-4B8E-ADD0-EEF086E30E4C} = {96A288D5-B535-4B8E-ADD0-EEF086E30E4C}
		{68C142DB-9D0E-44D3-811C-71A48B46ED15} = {68C142DB-9D0E-44D3-811C-71A48B46ED15}
		{F4ADEBDB-CD20-4532-B4E3-FE7424F5369C} = {F4ADEBDB-CD20-4532-B4E3-FE7424F5369C}
		{5CC07AEC-A3CB-44B4-9C37-E82F27A894A5} = {5CC07AEC-A3CB-44B4-9C37-E82F27A894A5}
	EndProjectSection
EndProject
Project("{FAE04EC0-301F-11D3-BF4B-00C04F79EFBC}") = "DS_DLR_Integration", "DS_DLR_Int\DS_DLR_Integration.csproj", "{68C142DB-9D0E-44D3-811C-71A48B46ED15}"
EndProject
Project("{FAE04EC0-301F-11D3-BF4B-00C04F79EFBC}") = "IronRacketProject", "IronRacketProject\Src\IronRacketProject.csproj", "{F4ADEBDB-CD20-4532-B4E3-FE7424F5369C}"
EndProject
Project("{FAE04EC0-301F-11D3-BF4B-00C04F79EFBC}") = "DLR_Compiler", "..\Compiler\DLR_Compiler\DLR_Compiler.csproj", "{036D8225-6C3E-447A-AD73-D0DC69F70069}"
EndProject
Project("{FAE04EC0-301F-11D3-BF4B-00C04F79EFBC}") = "SimpleSchemeParser", "..\Compiler\SimpleSchemeParser\SimpleSchemeParser.csproj", "{5CC07AEC-A3CB-44B4-9C37-E82F27A894A5}"
EndProject
Project("{FAE04EC0-301F-11D3-BF4B-00C04F79EFBC}") = "Compiler_Lib", "..\Compiler\Compiler_Lib\Compiler_Lib.csproj", "{96A288D5-B535-4B8E-ADD0-EEF086E30E4C}"
EndProject
Project("{FAE04EC0-301F-11D3-BF4B-00C04F79EFBC}") = "Desugar-Compiler_TestHarness", "..\Desugar-Compiler_TestHarness\Desugar-Compiler_TestHarness.csproj", "{7AD508C8-0CF2-4F45-900C-2F5B526DD6C2}"
EndProject
Project("{FAE04EC0-301F-11D3-BF4B-00C04F79EFBC}") = "IronRacket_ReplWindow", "IronRacketProject\Src\IronRacket_ReplWindow\IronRacket_ReplWindow.csproj", "{734CA12D-8407-401B-BF1A-675A69CDD923}"
EndProject
Project("{FAE04EC0-301F-11D3-BF4B-00C04F79EFBC}") = "Evaluator", "..\Compiler\Evaluator\Evaluator.csproj", "{DFF00EEC-D2FC-4590-9551-F8A4EEC3095B}"
EndProject
Global
	GlobalSection(SolutionConfigurationPlatforms) = preSolution
		Debug|Any CPU = Debug|Any CPU
		Release|Any CPU = Release|Any CPU
	EndGlobalSection
	GlobalSection(ProjectConfigurationPlatforms) = postSolution
		{F091221E-FD10-41A7-AAC4-C9359178BDB1}.Debug|Any CPU.ActiveCfg = Debug|Any CPU
		{F091221E-FD10-41A7-AAC4-C9359178BDB1}.Debug|Any CPU.Build.0 = Debug|Any CPU
		{F091221E-FD10-41A7-AAC4-C9359178BDB1}.Release|Any CPU.ActiveCfg = Release|Any CPU
		{F091221E-FD10-41A7-AAC4-C9359178BDB1}.Release|Any CPU.Build.0 = Release|Any CPU
		{68C142DB-9D0E-44D3-811C-71A48B46ED15}.Debug|Any CPU.ActiveCfg = Debug|Any CPU
		{68C142DB-9D0E-44D3-811C-71A48B46ED15}.Debug|Any CPU.Build.0 = Debug|Any CPU
		{68C142DB-9D0E-44D3-811C-71A48B46ED15}.Release|Any CPU.ActiveCfg = Release|Any CPU
		{68C142DB-9D0E-44D3-811C-71A48B46ED15}.Release|Any CPU.Build.0 = Release|Any CPU
		{F4ADEBDB-CD20-4532-B4E3-FE7424F5369C}.Debug|Any CPU.ActiveCfg = Debug|Any CPU
		{F4ADEBDB-CD20-4532-B4E3-FE7424F5369C}.Debug|Any CPU.Build.0 = Debug|Any CPU
		{F4ADEBDB-CD20-4532-B4E3-FE7424F5369C}.Release|Any CPU.ActiveCfg = Release|Any CPU
		{F4ADEBDB-CD20-4532-B4E3-FE7424F5369C}.Release|Any CPU.Build.0 = Release|Any CPU
		{036D8225-6C3E-447A-AD73-D0DC69F70069}.Debug|Any CPU.ActiveCfg = Debug|Any CPU
		{036D8225-6C3E-447A-AD73-D0DC69F70069}.Debug|Any CPU.Build.0 = Debug|Any CPU
		{036D8225-6C3E-447A-AD73-D0DC69F70069}.Release|Any CPU.ActiveCfg = Release|Any CPU
		{036D8225-6C3E-447A-AD73-D0DC69F70069}.Release|Any CPU.Build.0 = Release|Any CPU
		{5CC07AEC-A3CB-44B4-9C37-E82F27A894A5}.Debug|Any CPU.ActiveCfg = Debug|Any CPU
		{5CC07AEC-A3CB-44B4-9C37-E82F27A894A5}.Debug|Any CPU.Build.0 = Debug|Any CPU
		{5CC07AEC-A3CB-44B4-9C37-E82F27A894A5}.Release|Any CPU.ActiveCfg = Release|Any CPU
		{5CC07AEC-A3CB-44B4-9C37-E82F27A894A5}.Release|Any CPU.Build.0 = Release|Any CPU
		{96A288D5-B535-4B8E-ADD0-EEF086E30E4C}.Debug|Any CPU.ActiveCfg = Debug|Any CPU
		{96A288D5-B535-4B8E-ADD0-EEF086E30E4C}.Debug|Any CPU.Build.0 = Debug|Any CPU
		{96A288D5-B535-4B8E-ADD0-EEF086E30E4C}.Release|Any CPU.ActiveCfg = Release|Any CPU
		{96A288D5-B535-4B8E-ADD0-EEF086E30E4C}.Release|Any CPU.Build.0 = Release|Any CPU
		{7AD508C8-0CF2-4F45-900C-2F5B526DD6C2}.Debug|Any CPU.ActiveCfg = Debug|Any CPU
		{7AD508C8-0CF2-4F45-900C-2F5B526DD6C2}.Debug|Any CPU.Build.0 = Debug|Any CPU
		{7AD508C8-0CF2-4F45-900C-2F5B526DD6C2}.Release|Any CPU.ActiveCfg = Release|Any CPU
		{7AD508C8-0CF2-4F45-900C-2F5B526DD6C2}.Release|Any CPU.Build.0 = Release|Any CPU
		{734CA12D-8407-401B-BF1A-675A69CDD923}.Debug|Any CPU.ActiveCfg = Debug|Any CPU
		{734CA12D-8407-401B-BF1A-675A69CDD923}.Debug|Any CPU.Build.0 = Debug|Any CPU
		{734CA12D-8407-401B-BF1A-675A69CDD923}.Release|Any CPU.ActiveCfg = Release|Any CPU
		{734CA12D-8407-401B-BF1A-675A69CDD923}.Release|Any CPU.Build.0 = Release|Any CPU
		{DFF00EEC-D2FC-4590-9551-F8A4EEC3095B}.Debug|Any CPU.ActiveCfg = Debug|Any CPU
		{DFF00EEC-D2FC-4590-9551-F8A4EEC3095B}.Debug|Any CPU.Build.0 = Debug|Any CPU
		{DFF00EEC-D2FC-4590-9551-F8A4EEC3095B}.Release|Any CPU.ActiveCfg = Release|Any CPU
		{DFF00EEC-D2FC-4590-9551-F8A4EEC3095B}.Release|Any CPU.Build.0 = Release|Any CPU
	EndGlobalSection
	GlobalSection(SolutionProperties) = preSolution
		HideSolutionNode = FALSE
	EndGlobalSection
EndGlobal
