
Microsoft Visual Studio Solution File, Format Version 12.00
# Visual Studio 2012
Project("{FAE04EC0-301F-11D3-BF4B-00C04F79EFBC}") = "DLR_Compiler", "DLR_Compiler\DLR_Compiler.csproj", "{036D8225-6C3E-447A-AD73-D0DC69F70069}"
EndProject
Project("{FAE04EC0-301F-11D3-BF4B-00C04F79EFBC}") = "SimpleSchemeParser", "SimpleSchemeParser\SimpleSchemeParser.csproj", "{5CC07AEC-A3CB-44B4-9C37-E82F27A894A5}"
EndProject
Project("{FAE04EC0-301F-11D3-BF4B-00C04F79EFBC}") = "Compiler_Lib", "Compiler_Lib\Compiler_Lib.csproj", "{96A288D5-B535-4B8E-ADD0-EEF086E30E4C}"
EndProject
Project("{FAE04EC0-301F-11D3-BF4B-00C04F79EFBC}") = "Evaluator", "Evaluator\Evaluator.csproj", "{DFF00EEC-D2FC-4590-9551-F8A4EEC3095B}"
EndProject
Project("{FAE04EC0-301F-11D3-BF4B-00C04F79EFBC}") = "ConsoleApplication2", "..\..\Visual Studio 2012\Projects\ConsoleApplication2\ConsoleApplication2\ConsoleApplication2.csproj", "{62308062-9A09-4802-9B26-94F95D03CB47}"
EndProject
Global
	GlobalSection(SolutionConfigurationPlatforms) = preSolution
		Debug|Any CPU = Debug|Any CPU
		Release|Any CPU = Release|Any CPU
	EndGlobalSection
	GlobalSection(ProjectConfigurationPlatforms) = postSolution
		{036D8225-6C3E-447A-AD73-D0DC69F70069}.Debug|Any CPU.ActiveCfg = Debug|Any CPU
		{036D8225-6C3E-447A-AD73-D0DC69F70069}.Debug|Any CPU.Build.0 = Debug|Any CPU
		{036D8225-6C3E-447A-AD73-D0DC69F70069}.Release|Any CPU.ActiveCfg = Release|Any CPU
		{036D8225-6C3E-447A-AD73-D0DC69F70069}.Release|Any CPU.Build.0 = Release|Any CPU
		{5CC07AEC-A3CB-44B4-9C37-E82F27A894A5}.Debug|Any CPU.ActiveCfg = Debug|Any CPU
		{5CC07AEC-A3CB-44B4-9C37-E82F27A894A5}.Debug|Any CPU.Build.0 = Debug|Any CPU
		{5CC07AEC-A3CB-44B4-9C37-E82F27A894A5}.Release|Any CPU.ActiveCfg = Release|Any CPU
		{5CC07AEC-A3CB-44B4-9C37-E82F27A894A5}.Release|Any CPU.Build.0 = Release|Any CPU
		{96A288D5-B535-4B8E-ADD0-EEF086E30E4C}.Debug|Any CPU.ActiveCfg = Debug|Any CPU
		{96A288D5-B535-4B8E-ADD0-EEF086E30E4C}.Debug|Any CPU.Build.0 = Debug|Any CPU
		{96A288D5-B535-4B8E-ADD0-EEF086E30E4C}.Release|Any CPU.ActiveCfg = Release|Any CPU
		{96A288D5-B535-4B8E-ADD0-EEF086E30E4C}.Release|Any CPU.Build.0 = Release|Any CPU
		{DFF00EEC-D2FC-4590-9551-F8A4EEC3095B}.Debug|Any CPU.ActiveCfg = Debug|Any CPU
		{DFF00EEC-D2FC-4590-9551-F8A4EEC3095B}.Debug|Any CPU.Build.0 = Debug|Any CPU
		{DFF00EEC-D2FC-4590-9551-F8A4EEC3095B}.Release|Any CPU.ActiveCfg = Release|Any CPU
		{DFF00EEC-D2FC-4590-9551-F8A4EEC3095B}.Release|Any CPU.Build.0 = Release|Any CPU
		{62308062-9A09-4802-9B26-94F95D03CB47}.Debug|Any CPU.ActiveCfg = Debug|Any CPU
		{62308062-9A09-4802-9B26-94F95D03CB47}.Debug|Any CPU.Build.0 = Debug|Any CPU
		{62308062-9A09-4802-9B26-94F95D03CB47}.Release|Any CPU.ActiveCfg = Release|Any CPU
		{62308062-9A09-4802-9B26-94F95D03CB47}.Release|Any CPU.Build.0 = Release|Any CPU
	EndGlobalSection
	GlobalSection(SolutionProperties) = preSolution
		HideSolutionNode = FALSE
	EndGlobalSection
EndGlobal
