
Microsoft Visual Studio Solution File, Format Version 12.00
# Visual Studio 2012
Project("{FAE04EC0-301F-11D3-BF4B-00C04F79EFBC}") = "DLR_Compiler", "DLR_Compiler\DLR_Compiler.csproj", "{036D8225-6C3E-447A-AD73-D0DC69F70069}"
EndProject
Project("{FAE04EC0-301F-11D3-BF4B-00C04F79EFBC}") = "SimpleSchemeParser", "SimpleSchemeParser\SimpleSchemeParser.csproj", "{5CC07AEC-A3CB-44B4-9C37-E82F27A894A5}"
EndProject
Global
	GlobalSection(SolutionConfigurationPlatforms) = preSolution
		Debug|Any CPU = Debug|Any CPU
		Release|Any CPU = Release|Any CPU
	EndGlobalSection
	GlobalSection(ProjectConfigurationPlatforms) = postSolution
		{036D8225-6C3E-447A-AD73-D0DC69F70069}.Debug|Any CPU.ActiveCfg = Debug|Any CPU
		{036D8225-6C3E-447A-AD73-D0DC69F70069}.Debug|Any CPU.Build.0 = Debug|Any CPU
		{036D8225-6C3E-447A-AD73-D0DC69F70069}.Release|Any CPU.ActiveCfg = Release|Any CPU
		{036D8225-6C3E-447A-AD73-D0DC69F70069}.Release|Any CPU.Build.0 = Release|Any CPU
		{5CC07AEC-A3CB-44B4-9C37-E82F27A894A5}.Debug|Any CPU.ActiveCfg = Debug|Any CPU
		{5CC07AEC-A3CB-44B4-9C37-E82F27A894A5}.Debug|Any CPU.Build.0 = Debug|Any CPU
		{5CC07AEC-A3CB-44B4-9C37-E82F27A894A5}.Release|Any CPU.ActiveCfg = Release|Any CPU
		{5CC07AEC-A3CB-44B4-9C37-E82F27A894A5}.Release|Any CPU.Build.0 = Release|Any CPU
	EndGlobalSection
	GlobalSection(SolutionProperties) = preSolution
		HideSolutionNode = FALSE
	EndGlobalSection
EndGlobal
